
Microsoft Visual Studio Solution File, Format Version 12.00
# Visual Studio Version 16
VisualStudioVersion = 16.0.30621.155
MinimumVisualStudioVersion = 10.0.40219.1
Project("{FAE04EC0-301F-11D3-BF4B-00C04F79EFBC}") = "EFCoreMigration.DataAccess", "EFCoreMigration.DataAccess.csproj", "{2652504E-0F4F-47B0-965F-35C60D47196E}"
EndProject
Project("{FAE04EC0-301F-11D3-BF4B-00C04F79EFBC}") = "EFCoreMigration.Migration", "..\EFCoreMigration.Migration\EFCoreMigration.Migration.csproj", "{7AB2ED87-1F07-424E-A1D9-D1D696377263}"
EndProject
Global
	GlobalSection(SolutionConfigurationPlatforms) = preSolution
		Debug|Any CPU = Debug|Any CPU
		Release|Any CPU = Release|Any CPU
	EndGlobalSection
	GlobalSection(ProjectConfigurationPlatforms) = postSolution
		{2652504E-0F4F-47B0-965F-35C60D47196E}.Debug|Any CPU.ActiveCfg = Debug|Any CPU
		{2652504E-0F4F-47B0-965F-35C60D47196E}.Debug|Any CPU.Build.0 = Debug|Any CPU
		{2652504E-0F4F-47B0-965F-35C60D47196E}.Release|Any CPU.ActiveCfg = Release|Any CPU
		{2652504E-0F4F-47B0-965F-35C60D47196E}.Release|Any CPU.Build.0 = Release|Any CPU
		{7AB2ED87-1F07-424E-A1D9-D1D696377263}.Debug|Any CPU.ActiveCfg = Debug|Any CPU
		{7AB2ED87-1F07-424E-A1D9-D1D696377263}.Debug|Any CPU.Build.0 = Debug|Any CPU
		{7AB2ED87-1F07-424E-A1D9-D1D696377263}.Release|Any CPU.ActiveCfg = Release|Any CPU
		{7AB2ED87-1F07-424E-A1D9-D1D696377263}.Release|Any CPU.Build.0 = Release|Any CPU
	EndGlobalSection
	GlobalSection(SolutionProperties) = preSolution
		HideSolutionNode = FALSE
	EndGlobalSection
	GlobalSection(ExtensibilityGlobals) = postSolution
		SolutionGuid = {30E53356-5BEE-4745-9F8E-309AAD1073BF}
	EndGlobalSection
EndGlobal
